// !$*UTF8*$!
{
	archiveVersion = 1;
	classes = {
	};
	objectVersion = 46;
	objects = {

/* Begin PBXBuildFile section */
		563965F91925207E007DE160 /* ModalViewController.m in Sources */ = {isa = PBXBuildFile; fileRef = 563965F81925207E007DE160 /* ModalViewController.m */; };
		564ECC6A18D107E3006F9ABC /* UIWeb1ViewController.m in Sources */ = {isa = PBXBuildFile; fileRef = 564ECC6918D107E3006F9ABC /* UIWeb1ViewController.m */; };
		565C8775192534CA00F6AF3F /* TabBarController.m in Sources */ = {isa = PBXBuildFile; fileRef = 565C8774192534CA00F6AF3F /* TabBarController.m */; };
		567B0A1218999E4C000B0833 /* Foundation.framework in Frameworks */ = {isa = PBXBuildFile; fileRef = 567B0A1118999E4C000B0833 /* Foundation.framework */; };
		567B0A1418999E4C000B0833 /* CoreGraphics.framework in Frameworks */ = {isa = PBXBuildFile; fileRef = 567B0A1318999E4C000B0833 /* CoreGraphics.framework */; };
		567B0A1618999E4C000B0833 /* UIKit.framework in Frameworks */ = {isa = PBXBuildFile; fileRef = 567B0A1518999E4C000B0833 /* UIKit.framework */; };
		567B0A1C18999E4C000B0833 /* InfoPlist.strings in Resources */ = {isa = PBXBuildFile; fileRef = 567B0A1A18999E4C000B0833 /* InfoPlist.strings */; };
		567B0A1E18999E4C000B0833 /* main.m in Sources */ = {isa = PBXBuildFile; fileRef = 567B0A1D18999E4C000B0833 /* main.m */; };
		567B0A2218999E4C000B0833 /* AppDelegate.m in Sources */ = {isa = PBXBuildFile; fileRef = 567B0A2118999E4C000B0833 /* AppDelegate.m */; };
		567B0A2518999E4C000B0833 /* Main_iPhone.storyboard in Resources */ = {isa = PBXBuildFile; fileRef = 567B0A2318999E4C000B0833 /* Main_iPhone.storyboard */; };
		567B0A2818999E4C000B0833 /* Main_iPad.storyboard in Resources */ = {isa = PBXBuildFile; fileRef = 567B0A2618999E4C000B0833 /* Main_iPad.storyboard */; };
		567B0A2B18999E4C000B0833 /* ConferenceViewController.m in Sources */ = {isa = PBXBuildFile; fileRef = 567B0A2A18999E4C000B0833 /* ConferenceViewController.m */; };
		567B0A2E18999E4C000B0833 /* CampusViewController.m in Sources */ = {isa = PBXBuildFile; fileRef = 567B0A2D18999E4C000B0833 /* CampusViewController.m */; };
		567B0A3018999E4C000B0833 /* Images.xcassets in Resources */ = {isa = PBXBuildFile; fileRef = 567B0A2F18999E4C000B0833 /* Images.xcassets */; };
		567B0A3718999E4C000B0833 /* XCTest.framework in Frameworks */ = {isa = PBXBuildFile; fileRef = 567B0A3618999E4C000B0833 /* XCTest.framework */; };
		567B0A3818999E4C000B0833 /* Foundation.framework in Frameworks */ = {isa = PBXBuildFile; fileRef = 567B0A1118999E4C000B0833 /* Foundation.framework */; };
		567B0A3918999E4C000B0833 /* UIKit.framework in Frameworks */ = {isa = PBXBuildFile; fileRef = 567B0A1518999E4C000B0833 /* UIKit.framework */; };
		567B0A4118999E4C000B0833 /* InfoPlist.strings in Resources */ = {isa = PBXBuildFile; fileRef = 567B0A3F18999E4C000B0833 /* InfoPlist.strings */; };
		567B0A4318999E4C000B0833 /* SWCACTests.m in Sources */ = {isa = PBXBuildFile; fileRef = 567B0A4218999E4C000B0833 /* SWCACTests.m */; };
		567B0A5E1899B58C000B0833 /* Images.xcassets in Resources */ = {isa = PBXBuildFile; fileRef = 567B0A2F18999E4C000B0833 /* Images.xcassets */; };
		567B0A601899B698000B0833 /* MapKit.framework in Frameworks */ = {isa = PBXBuildFile; fileRef = 567B0A5F1899B698000B0833 /* MapKit.framework */; };
		567B0A661899C855000B0833 /* MapViewController.m in Sources */ = {isa = PBXBuildFile; fileRef = 567B0A651899C855000B0833 /* MapViewController.m */; };
		568EDA5B19266EC200EB12D8 /* Annotation.m in Sources */ = {isa = PBXBuildFile; fileRef = 568EDA5A19266EC200EB12D8 /* Annotation.m */; };
		568EDA5E1926752D00EB12D8 /* MapInfoViewController.m in Sources */ = {isa = PBXBuildFile; fileRef = 568EDA5D1926752D00EB12D8 /* MapInfoViewController.m */; };
		5693B19318FC4F2000B25AA2 /* HotelViewController.m in Sources */ = {isa = PBXBuildFile; fileRef = 5693B19218FC4F2000B25AA2 /* HotelViewController.m */; };
		56B06D59192BBA7E0085DA45 /* AnnotationCalloutViewController.m in Sources */ = {isa = PBXBuildFile; fileRef = 56B06D58192BBA7E0085DA45 /* AnnotationCalloutViewController.m */; };
		56C902F818F48A8400F98D98 /* UIViewControllerLinks.m in Sources */ = {isa = PBXBuildFile; fileRef = 56C902F718F48A8400F98D98 /* UIViewControllerLinks.m */; };
/* End PBXBuildFile section */

/* Begin PBXContainerItemProxy section */
		567B0A3A18999E4C000B0833 /* PBXContainerItemProxy */ = {
			isa = PBXContainerItemProxy;
			containerPortal = 567B0A0618999E4C000B0833 /* Project object */;
			proxyType = 1;
			remoteGlobalIDString = 567B0A0D18999E4C000B0833;
			remoteInfo = SWCAC;
		};
/* End PBXContainerItemProxy section */

/* Begin PBXFileReference section */
		563965F71925207E007DE160 /* ModalViewController.h */ = {isa = PBXFileReference; fileEncoding = 4; lastKnownFileType = sourcecode.c.h; path = ModalViewController.h; sourceTree = "<group>"; };
		563965F81925207E007DE160 /* ModalViewController.m */ = {isa = PBXFileReference; fileEncoding = 4; lastKnownFileType = sourcecode.c.objc; path = ModalViewController.m; sourceTree = "<group>"; };
		564ECC6818D107E3006F9ABC /* UIWeb1ViewController.h */ = {isa = PBXFileReference; fileEncoding = 4; lastKnownFileType = sourcecode.c.h; path = UIWeb1ViewController.h; sourceTree = "<group>"; };
		564ECC6918D107E3006F9ABC /* UIWeb1ViewController.m */ = {isa = PBXFileReference; fileEncoding = 4; lastKnownFileType = sourcecode.c.objc; path = UIWeb1ViewController.m; sourceTree = "<group>"; };
		565C8773192534CA00F6AF3F /* TabBarController.h */ = {isa = PBXFileReference; fileEncoding = 4; lastKnownFileType = sourcecode.c.h; path = TabBarController.h; sourceTree = "<group>"; };
		565C8774192534CA00F6AF3F /* TabBarController.m */ = {isa = PBXFileReference; fileEncoding = 4; lastKnownFileType = sourcecode.c.objc; path = TabBarController.m; sourceTree = "<group>"; };
		567B0A0E18999E4C000B0833 /* SWCAC.app */ = {isa = PBXFileReference; explicitFileType = wrapper.application; includeInIndex = 0; path = SWCAC.app; sourceTree = BUILT_PRODUCTS_DIR; };
		567B0A1118999E4C000B0833 /* Foundation.framework */ = {isa = PBXFileReference; lastKnownFileType = wrapper.framework; name = Foundation.framework; path = System/Library/Frameworks/Foundation.framework; sourceTree = SDKROOT; };
		567B0A1318999E4C000B0833 /* CoreGraphics.framework */ = {isa = PBXFileReference; lastKnownFileType = wrapper.framework; name = CoreGraphics.framework; path = System/Library/Frameworks/CoreGraphics.framework; sourceTree = SDKROOT; };
		567B0A1518999E4C000B0833 /* UIKit.framework */ = {isa = PBXFileReference; lastKnownFileType = wrapper.framework; name = UIKit.framework; path = System/Library/Frameworks/UIKit.framework; sourceTree = SDKROOT; };
		567B0A1918999E4C000B0833 /* SWCAC-Info.plist */ = {isa = PBXFileReference; lastKnownFileType = text.plist.xml; path = "SWCAC-Info.plist"; sourceTree = "<group>"; };
		567B0A1B18999E4C000B0833 /* en */ = {isa = PBXFileReference; lastKnownFileType = text.plist.strings; name = en; path = en.lproj/InfoPlist.strings; sourceTree = "<group>"; };
		567B0A1D18999E4C000B0833 /* main.m */ = {isa = PBXFileReference; lastKnownFileType = sourcecode.c.objc; path = main.m; sourceTree = "<group>"; };
		567B0A1F18999E4C000B0833 /* SWCAC-Prefix.pch */ = {isa = PBXFileReference; lastKnownFileType = sourcecode.c.h; path = "SWCAC-Prefix.pch"; sourceTree = "<group>"; };
		567B0A2018999E4C000B0833 /* AppDelegate.h */ = {isa = PBXFileReference; lastKnownFileType = sourcecode.c.h; path = AppDelegate.h; sourceTree = "<group>"; };
		567B0A2118999E4C000B0833 /* AppDelegate.m */ = {isa = PBXFileReference; lastKnownFileType = sourcecode.c.objc; path = AppDelegate.m; sourceTree = "<group>"; };
		567B0A2418999E4C000B0833 /* Base */ = {isa = PBXFileReference; lastKnownFileType = file.storyboard; name = Base; path = Base.lproj/Main_iPhone.storyboard; sourceTree = "<group>"; };
		567B0A2718999E4C000B0833 /* Base */ = {isa = PBXFileReference; lastKnownFileType = file.storyboard; name = Base; path = Base.lproj/Main_iPad.storyboard; sourceTree = "<group>"; };
		567B0A2918999E4C000B0833 /* ConferenceViewController.h */ = {isa = PBXFileReference; lastKnownFileType = sourcecode.c.h; path = ConferenceViewController.h; sourceTree = "<group>"; };
		567B0A2A18999E4C000B0833 /* ConferenceViewController.m */ = {isa = PBXFileReference; lastKnownFileType = sourcecode.c.objc; path = ConferenceViewController.m; sourceTree = "<group>"; };
		567B0A2C18999E4C000B0833 /* CampusViewController.h */ = {isa = PBXFileReference; lastKnownFileType = sourcecode.c.h; path = CampusViewController.h; sourceTree = "<group>"; };
		567B0A2D18999E4C000B0833 /* CampusViewController.m */ = {isa = PBXFileReference; lastKnownFileType = sourcecode.c.objc; path = CampusViewController.m; sourceTree = "<group>"; };
		567B0A2F18999E4C000B0833 /* Images.xcassets */ = {isa = PBXFileReference; lastKnownFileType = folder.assetcatalog; path = Images.xcassets; sourceTree = "<group>"; };
		567B0A3518999E4C000B0833 /* SWCACTests.xctest */ = {isa = PBXFileReference; explicitFileType = wrapper.cfbundle; includeInIndex = 0; path = SWCACTests.xctest; sourceTree = BUILT_PRODUCTS_DIR; };
		567B0A3618999E4C000B0833 /* XCTest.framework */ = {isa = PBXFileReference; lastKnownFileType = wrapper.framework; name = XCTest.framework; path = Library/Frameworks/XCTest.framework; sourceTree = DEVELOPER_DIR; };
		567B0A3E18999E4C000B0833 /* SWCACTests-Info.plist */ = {isa = PBXFileReference; lastKnownFileType = text.plist.xml; path = "SWCACTests-Info.plist"; sourceTree = "<group>"; };
		567B0A4018999E4C000B0833 /* en */ = {isa = PBXFileReference; lastKnownFileType = text.plist.strings; name = en; path = en.lproj/InfoPlist.strings; sourceTree = "<group>"; };
		567B0A4218999E4C000B0833 /* SWCACTests.m */ = {isa = PBXFileReference; lastKnownFileType = sourcecode.c.objc; path = SWCACTests.m; sourceTree = "<group>"; };
		567B0A5F1899B698000B0833 /* MapKit.framework */ = {isa = PBXFileReference; lastKnownFileType = wrapper.framework; name = MapKit.framework; path = System/Library/Frameworks/MapKit.framework; sourceTree = SDKROOT; };
		567B0A641899C855000B0833 /* MapViewController.h */ = {isa = PBXFileReference; fileEncoding = 4; lastKnownFileType = sourcecode.c.h; path = MapViewController.h; sourceTree = "<group>"; };
		567B0A651899C855000B0833 /* MapViewController.m */ = {isa = PBXFileReference; fileEncoding = 4; lastKnownFileType = sourcecode.c.objc; path = MapViewController.m; sourceTree = "<group>"; };
		568EDA5919266EC200EB12D8 /* Annotation.h */ = {isa = PBXFileReference; fileEncoding = 4; lastKnownFileType = sourcecode.c.h; path = Annotation.h; sourceTree = "<group>"; };
		568EDA5A19266EC200EB12D8 /* Annotation.m */ = {isa = PBXFileReference; fileEncoding = 4; lastKnownFileType = sourcecode.c.objc; path = Annotation.m; sourceTree = "<group>"; };
		568EDA5C1926752D00EB12D8 /* MapInfoViewController.h */ = {isa = PBXFileReference; fileEncoding = 4; lastKnownFileType = sourcecode.c.h; path = MapInfoViewController.h; sourceTree = "<group>"; };
		568EDA5D1926752D00EB12D8 /* MapInfoViewController.m */ = {isa = PBXFileReference; fileEncoding = 4; lastKnownFileType = sourcecode.c.objc; path = MapInfoViewController.m; sourceTree = "<group>"; };
		5693B19118FC4F2000B25AA2 /* HotelViewController.h */ = {isa = PBXFileReference; fileEncoding = 4; lastKnownFileType = sourcecode.c.h; path = HotelViewController.h; sourceTree = "<group>"; };
		5693B19218FC4F2000B25AA2 /* HotelViewController.m */ = {isa = PBXFileReference; fileEncoding = 4; lastKnownFileType = sourcecode.c.objc; path = HotelViewController.m; sourceTree = "<group>"; };
		56B06D57192BBA7E0085DA45 /* AnnotationCalloutViewController.h */ = {isa = PBXFileReference; fileEncoding = 4; lastKnownFileType = sourcecode.c.h; path = AnnotationCalloutViewController.h; sourceTree = "<group>"; };
		56B06D58192BBA7E0085DA45 /* AnnotationCalloutViewController.m */ = {isa = PBXFileReference; fileEncoding = 4; lastKnownFileType = sourcecode.c.objc; path = AnnotationCalloutViewController.m; sourceTree = "<group>"; };
		56C902F618F48A8400F98D98 /* UIViewControllerLinks.h */ = {isa = PBXFileReference; fileEncoding = 4; lastKnownFileType = sourcecode.c.h; path = UIViewControllerLinks.h; sourceTree = "<group>"; };
		56C902F718F48A8400F98D98 /* UIViewControllerLinks.m */ = {isa = PBXFileReference; fileEncoding = 4; lastKnownFileType = sourcecode.c.objc; path = UIViewControllerLinks.m; sourceTree = "<group>"; };
/* End PBXFileReference section */

/* Begin PBXFrameworksBuildPhase section */
		567B0A0B18999E4C000B0833 /* Frameworks */ = {
			isa = PBXFrameworksBuildPhase;
			buildActionMask = 2147483647;
			files = (
				567B0A1418999E4C000B0833 /* CoreGraphics.framework in Frameworks */,
				567B0A1618999E4C000B0833 /* UIKit.framework in Frameworks */,
				567B0A601899B698000B0833 /* MapKit.framework in Frameworks */,
				567B0A1218999E4C000B0833 /* Foundation.framework in Frameworks */,
			);
			runOnlyForDeploymentPostprocessing = 0;
		};
		567B0A3218999E4C000B0833 /* Frameworks */ = {
			isa = PBXFrameworksBuildPhase;
			buildActionMask = 2147483647;
			files = (
				567B0A3718999E4C000B0833 /* XCTest.framework in Frameworks */,
				567B0A3918999E4C000B0833 /* UIKit.framework in Frameworks */,
				567B0A3818999E4C000B0833 /* Foundation.framework in Frameworks */,
			);
			runOnlyForDeploymentPostprocessing = 0;
		};
/* End PBXFrameworksBuildPhase section */

/* Begin PBXGroup section */
		567B0A0518999E4C000B0833 = {
			isa = PBXGroup;
			children = (
				567B0A1718999E4C000B0833 /* SWCAC */,
				567B0A3C18999E4C000B0833 /* SWCACTests */,
				567B0A1018999E4C000B0833 /* Frameworks */,
				567B0A0F18999E4C000B0833 /* Products */,
			);
			sourceTree = "<group>";
		};
		567B0A0F18999E4C000B0833 /* Products */ = {
			isa = PBXGroup;
			children = (
				567B0A0E18999E4C000B0833 /* SWCAC.app */,
				567B0A3518999E4C000B0833 /* SWCACTests.xctest */,
			);
			name = Products;
			sourceTree = "<group>";
		};
		567B0A1018999E4C000B0833 /* Frameworks */ = {
			isa = PBXGroup;
			children = (
				567B0A5F1899B698000B0833 /* MapKit.framework */,
				567B0A1118999E4C000B0833 /* Foundation.framework */,
				567B0A1318999E4C000B0833 /* CoreGraphics.framework */,
				567B0A1518999E4C000B0833 /* UIKit.framework */,
				567B0A3618999E4C000B0833 /* XCTest.framework */,
			);
			name = Frameworks;
			sourceTree = "<group>";
		};
		567B0A1718999E4C000B0833 /* SWCAC */ = {
			isa = PBXGroup;
			children = (
				567B0A2018999E4C000B0833 /* AppDelegate.h */,
				567B0A2118999E4C000B0833 /* AppDelegate.m */,
				567B0A2318999E4C000B0833 /* Main_iPhone.storyboard */,
				567B0A2618999E4C000B0833 /* Main_iPad.storyboard */,
				56C902F518F4867C00F98D98 /* Classes */,
				567B0A2F18999E4C000B0833 /* Images.xcassets */,
				567B0A1818999E4C000B0833 /* Supporting Files */,
			);
			path = SWCAC;
			sourceTree = "<group>";
		};
		567B0A1818999E4C000B0833 /* Supporting Files */ = {
			isa = PBXGroup;
			children = (
				567B0A1918999E4C000B0833 /* SWCAC-Info.plist */,
				567B0A1A18999E4C000B0833 /* InfoPlist.strings */,
				567B0A1D18999E4C000B0833 /* main.m */,
				567B0A1F18999E4C000B0833 /* SWCAC-Prefix.pch */,
			);
			name = "Supporting Files";
			sourceTree = "<group>";
		};
		567B0A3C18999E4C000B0833 /* SWCACTests */ = {
			isa = PBXGroup;
			children = (
				567B0A4218999E4C000B0833 /* SWCACTests.m */,
				567B0A3D18999E4C000B0833 /* Supporting Files */,
			);
			path = SWCACTests;
			sourceTree = "<group>";
		};
		567B0A3D18999E4C000B0833 /* Supporting Files */ = {
			isa = PBXGroup;
			children = (
				567B0A3E18999E4C000B0833 /* SWCACTests-Info.plist */,
				567B0A3F18999E4C000B0833 /* InfoPlist.strings */,
			);
			name = "Supporting Files";
			sourceTree = "<group>";
		};
		56B06D5A192BBA890085DA45 /* MapView */ = {
			isa = PBXGroup;
			children = (
				567B0A641899C855000B0833 /* MapViewController.h */,
				567B0A651899C855000B0833 /* MapViewController.m */,
				568EDA5919266EC200EB12D8 /* Annotation.h */,
				568EDA5A19266EC200EB12D8 /* Annotation.m */,
				568EDA5C1926752D00EB12D8 /* MapInfoViewController.h */,
				568EDA5D1926752D00EB12D8 /* MapInfoViewController.m */,
				56B06D57192BBA7E0085DA45 /* AnnotationCalloutViewController.h */,
				56B06D58192BBA7E0085DA45 /* AnnotationCalloutViewController.m */,
			);
			name = MapView;
			sourceTree = "<group>";
		};
		56C902F518F4867C00F98D98 /* Classes */ = {
			isa = PBXGroup;
			children = (
				567B0A2918999E4C000B0833 /* ConferenceViewController.h */,
				567B0A2A18999E4C000B0833 /* ConferenceViewController.m */,
				567B0A2C18999E4C000B0833 /* CampusViewController.h */,
				567B0A2D18999E4C000B0833 /* CampusViewController.m */,
				56B06D5A192BBA890085DA45 /* MapView */,
				564ECC6818D107E3006F9ABC /* UIWeb1ViewController.h */,
				564ECC6918D107E3006F9ABC /* UIWeb1ViewController.m */,
				56C902F618F48A8400F98D98 /* UIViewControllerLinks.h */,
				56C902F718F48A8400F98D98 /* UIViewControllerLinks.m */,
				5693B19118FC4F2000B25AA2 /* HotelViewController.h */,
				5693B19218FC4F2000B25AA2 /* HotelViewController.m */,
				563965F71925207E007DE160 /* ModalViewController.h */,
				563965F81925207E007DE160 /* ModalViewController.m */,
				565C8773192534CA00F6AF3F /* TabBarController.h */,
				565C8774192534CA00F6AF3F /* TabBarController.m */,
			);
			name = Classes;
			sourceTree = "<group>";
		};
/* End PBXGroup section */

/* Begin PBXNativeTarget section */
		567B0A0D18999E4C000B0833 /* SWCAC */ = {
			isa = PBXNativeTarget;
			buildConfigurationList = 567B0A4618999E4C000B0833 /* Build configuration list for PBXNativeTarget "SWCAC" */;
			buildPhases = (
				567B0A0A18999E4C000B0833 /* Sources */,
				567B0A0B18999E4C000B0833 /* Frameworks */,
				567B0A0C18999E4C000B0833 /* Resources */,
			);
			buildRules = (
			);
			dependencies = (
			);
			name = SWCAC;
			productName = SWCAC;
			productReference = 567B0A0E18999E4C000B0833 /* SWCAC.app */;
			productType = "com.apple.product-type.application";
		};
		567B0A3418999E4C000B0833 /* SWCACTests */ = {
			isa = PBXNativeTarget;
			buildConfigurationList = 567B0A4918999E4C000B0833 /* Build configuration list for PBXNativeTarget "SWCACTests" */;
			buildPhases = (
				567B0A3118999E4C000B0833 /* Sources */,
				567B0A3218999E4C000B0833 /* Frameworks */,
				567B0A3318999E4C000B0833 /* Resources */,
			);
			buildRules = (
			);
			dependencies = (
				567B0A3B18999E4C000B0833 /* PBXTargetDependency */,
			);
			name = SWCACTests;
			productName = SWCACTests;
			productReference = 567B0A3518999E4C000B0833 /* SWCACTests.xctest */;
			productType = "com.apple.product-type.bundle.unit-test";
		};
/* End PBXNativeTarget section */

/* Begin PBXProject section */
		567B0A0618999E4C000B0833 /* Project object */ = {
			isa = PBXProject;
			attributes = {
				LastUpgradeCheck = 0510;
				ORGANIZATIONNAME = "Charles Humphreys";
				TargetAttributes = {
					567B0A0D18999E4C000B0833 = {
						SystemCapabilities = {
							com.apple.iOS = {
								enabled = 1;
							};
						};
					};
					567B0A3418999E4C000B0833 = {
						TestTargetID = 567B0A0D18999E4C000B0833;
					};
				};
			};
			buildConfigurationList = 567B0A0918999E4C000B0833 /* Build configuration list for PBXProject "SWCAC" */;
			compatibilityVersion = "Xcode 3.2";
			developmentRegion = English;
			hasScannedForEncodings = 0;
			knownRegions = (
				en,
				Base,
			);
			mainGroup = 567B0A0518999E4C000B0833;
			productRefGroup = 567B0A0F18999E4C000B0833 /* Products */;
			projectDirPath = "";
			projectRoot = "";
			targets = (
				567B0A0D18999E4C000B0833 /* SWCAC */,
				567B0A3418999E4C000B0833 /* SWCACTests */,
			);
		};
/* End PBXProject section */

/* Begin PBXResourcesBuildPhase section */
		567B0A0C18999E4C000B0833 /* Resources */ = {
			isa = PBXResourcesBuildPhase;
			buildActionMask = 2147483647;
			files = (
				567B0A2818999E4C000B0833 /* Main_iPad.storyboard in Resources */,
				567B0A3018999E4C000B0833 /* Images.xcassets in Resources */,
				567B0A2518999E4C000B0833 /* Main_iPhone.storyboard in Resources */,
				567B0A1C18999E4C000B0833 /* InfoPlist.strings in Resources */,
			);
			runOnlyForDeploymentPostprocessing = 0;
		};
		567B0A3318999E4C000B0833 /* Resources */ = {
			isa = PBXResourcesBuildPhase;
			buildActionMask = 2147483647;
			files = (
				567B0A4118999E4C000B0833 /* InfoPlist.strings in Resources */,
				567B0A5E1899B58C000B0833 /* Images.xcassets in Resources */,
			);
			runOnlyForDeploymentPostprocessing = 0;
		};
/* End PBXResourcesBuildPhase section */

/* Begin PBXSourcesBuildPhase section */
		567B0A0A18999E4C000B0833 /* Sources */ = {
			isa = PBXSourcesBuildPhase;
			buildActionMask = 2147483647;
			files = (
				56C902F818F48A8400F98D98 /* UIViewControllerLinks.m in Sources */,
				567B0A2E18999E4C000B0833 /* CampusViewController.m in Sources */,
				563965F91925207E007DE160 /* ModalViewController.m in Sources */,
				56B06D59192BBA7E0085DA45 /* AnnotationCalloutViewController.m in Sources */,
				5693B19318FC4F2000B25AA2 /* HotelViewController.m in Sources */,
				565C8775192534CA00F6AF3F /* TabBarController.m in Sources */,
				568EDA5B19266EC200EB12D8 /* Annotation.m in Sources */,
				567B0A2218999E4C000B0833 /* AppDelegate.m in Sources */,
				564ECC6A18D107E3006F9ABC /* UIWeb1ViewController.m in Sources */,
				567B0A661899C855000B0833 /* MapViewController.m in Sources */,
				568EDA5E1926752D00EB12D8 /* MapInfoViewController.m in Sources */,
				567B0A2B18999E4C000B0833 /* ConferenceViewController.m in Sources */,
				567B0A1E18999E4C000B0833 /* main.m in Sources */,
			);
			runOnlyForDeploymentPostprocessing = 0;
		};
		567B0A3118999E4C000B0833 /* Sources */ = {
			isa = PBXSourcesBuildPhase;
			buildActionMask = 2147483647;
			files = (
				567B0A4318999E4C000B0833 /* SWCACTests.m in Sources */,
			);
			runOnlyForDeploymentPostprocessing = 0;
		};
/* End PBXSourcesBuildPhase section */

/* Begin PBXTargetDependency section */
		567B0A3B18999E4C000B0833 /* PBXTargetDependency */ = {
			isa = PBXTargetDependency;
			target = 567B0A0D18999E4C000B0833 /* SWCAC */;
			targetProxy = 567B0A3A18999E4C000B0833 /* PBXContainerItemProxy */;
		};
/* End PBXTargetDependency section */

/* Begin PBXVariantGroup section */
		567B0A1A18999E4C000B0833 /* InfoPlist.strings */ = {
			isa = PBXVariantGroup;
			children = (
				567B0A1B18999E4C000B0833 /* en */,
			);
			name = InfoPlist.strings;
			sourceTree = "<group>";
		};
		567B0A2318999E4C000B0833 /* Main_iPhone.storyboard */ = {
			isa = PBXVariantGroup;
			children = (
				567B0A2418999E4C000B0833 /* Base */,
			);
			name = Main_iPhone.storyboard;
			sourceTree = "<group>";
		};
		567B0A2618999E4C000B0833 /* Main_iPad.storyboard */ = {
			isa = PBXVariantGroup;
			children = (
				567B0A2718999E4C000B0833 /* Base */,
			);
			name = Main_iPad.storyboard;
			sourceTree = "<group>";
		};
		567B0A3F18999E4C000B0833 /* InfoPlist.strings */ = {
			isa = PBXVariantGroup;
			children = (
				567B0A4018999E4C000B0833 /* en */,
			);
			name = InfoPlist.strings;
			sourceTree = "<group>";
		};
/* End PBXVariantGroup section */

/* Begin XCBuildConfiguration section */
		567B0A4418999E4C000B0833 /* Debug */ = {
			isa = XCBuildConfiguration;
			buildSettings = {
				ALWAYS_SEARCH_USER_PATHS = NO;
				CLANG_CXX_LANGUAGE_STANDARD = "gnu++0x";
				CLANG_CXX_LIBRARY = "libc++";
				CLANG_ENABLE_MODULES = YES;
				CLANG_ENABLE_OBJC_ARC = YES;
				CLANG_WARN_BOOL_CONVERSION = YES;
				CLANG_WARN_CONSTANT_CONVERSION = YES;
				CLANG_WARN_DIRECT_OBJC_ISA_USAGE = YES_ERROR;
				CLANG_WARN_EMPTY_BODY = YES;
				CLANG_WARN_ENUM_CONVERSION = YES;
				CLANG_WARN_INT_CONVERSION = YES;
				CLANG_WARN_OBJC_ROOT_CLASS = YES_ERROR;
				CLANG_WARN__DUPLICATE_METHOD_MATCH = YES;
				"CODE_SIGN_IDENTITY[sdk=iphoneos*]" = "iPhone Developer";
				COPY_PHASE_STRIP = NO;
				GCC_C_LANGUAGE_STANDARD = gnu99;
				GCC_DYNAMIC_NO_PIC = NO;
				GCC_OPTIMIZATION_LEVEL = 0;
				GCC_PREPROCESSOR_DEFINITIONS = (
					"DEBUG=1",
					"$(inherited)",
				);
				GCC_SYMBOLS_PRIVATE_EXTERN = NO;
				GCC_WARN_64_TO_32_BIT_CONVERSION = YES;
				GCC_WARN_ABOUT_RETURN_TYPE = YES_ERROR;
				GCC_WARN_UNDECLARED_SELECTOR = YES;
				GCC_WARN_UNINITIALIZED_AUTOS = YES;
				GCC_WARN_UNUSED_FUNCTION = YES;
				GCC_WARN_UNUSED_VARIABLE = YES;
				IPHONEOS_DEPLOYMENT_TARGET = 7.0;
				ONLY_ACTIVE_ARCH = YES;
				SDKROOT = iphoneos;
				TARGETED_DEVICE_FAMILY = "1,2";
			};
			name = Debug;
		};
		567B0A4518999E4C000B0833 /* Release */ = {
			isa = XCBuildConfiguration;
			buildSettings = {
				ALWAYS_SEARCH_USER_PATHS = NO;
				CLANG_CXX_LANGUAGE_STANDARD = "gnu++0x";
				CLANG_CXX_LIBRARY = "libc++";
				CLANG_ENABLE_MODULES = YES;
				CLANG_ENABLE_OBJC_ARC = YES;
				CLANG_WARN_BOOL_CONVERSION = YES;
				CLANG_WARN_CONSTANT_CONVERSION = YES;
				CLANG_WARN_DIRECT_OBJC_ISA_USAGE = YES_ERROR;
				CLANG_WARN_EMPTY_BODY = YES;
				CLANG_WARN_ENUM_CONVERSION = YES;
				CLANG_WARN_INT_CONVERSION = YES;
				CLANG_WARN_OBJC_ROOT_CLASS = YES_ERROR;
				CLANG_WARN__DUPLICATE_METHOD_MATCH = YES;
				"CODE_SIGN_IDENTITY[sdk=iphoneos*]" = "iPhone Developer";
				COPY_PHASE_STRIP = YES;
				ENABLE_NS_ASSERTIONS = NO;
				GCC_C_LANGUAGE_STANDARD = gnu99;
				GCC_WARN_64_TO_32_BIT_CONVERSION = YES;
				GCC_WARN_ABOUT_RETURN_TYPE = YES_ERROR;
				GCC_WARN_UNDECLARED_SELECTOR = YES;
				GCC_WARN_UNINITIALIZED_AUTOS = YES;
				GCC_WARN_UNUSED_FUNCTION = YES;
				GCC_WARN_UNUSED_VARIABLE = YES;
				IPHONEOS_DEPLOYMENT_TARGET = 7.0;
				SDKROOT = iphoneos;
				TARGETED_DEVICE_FAMILY = "1,2";
				VALIDATE_PRODUCT = YES;
			};
			name = Release;
		};
		567B0A4718999E4C000B0833 /* Debug */ = {
			isa = XCBuildConfiguration;
			buildSettings = {
				ASSETCATALOG_COMPILER_APPICON_NAME = AppIcon;
				ASSETCATALOG_COMPILER_LAUNCHIMAGE_NAME = LaunchImage;
				GCC_PRECOMPILE_PREFIX_HEADER = YES;
				GCC_PREFIX_HEADER = "SWCAC/SWCAC-Prefix.pch";
				INFOPLIST_FILE = "SWCAC/SWCAC-Info.plist";
				PRODUCT_NAME = "$(TARGET_NAME)";
				TARGETED_DEVICE_FAMILY = 1;
				WRAPPER_EXTENSION = app;
			};
			name = Debug;
		};
		567B0A4818999E4C000B0833 /* Release */ = {
			isa = XCBuildConfiguration;
			buildSettings = {
				ASSETCATALOG_COMPILER_APPICON_NAME = AppIcon;
				ASSETCATALOG_COMPILER_LAUNCHIMAGE_NAME = LaunchImage;
				GCC_PRECOMPILE_PREFIX_HEADER = YES;
				GCC_PREFIX_HEADER = "SWCAC/SWCAC-Prefix.pch";
				INFOPLIST_FILE = "SWCAC/SWCAC-Info.plist";
				PRODUCT_NAME = "$(TARGET_NAME)";
				TARGETED_DEVICE_FAMILY = 1;
				WRAPPER_EXTENSION = app;
			};
			name = Release;
		};
		567B0A4A18999E4C000B0833 /* Debug */ = {
			isa = XCBuildConfiguration;
			buildSettings = {
				BUNDLE_LOADER = "$(BUILT_PRODUCTS_DIR)/SWCAC.app/SWCAC";
				FRAMEWORK_SEARCH_PATHS = (
					"$(SDKROOT)/Developer/Library/Frameworks",
					"$(inherited)",
					"$(DEVELOPER_FRAMEWORKS_DIR)",
				);
				GCC_PRECOMPILE_PREFIX_HEADER = YES;
				GCC_PREFIX_HEADER = "SWCAC/SWCAC-Prefix.pch";
				GCC_PREPROCESSOR_DEFINITIONS = (
					"DEBUG=1",
					"$(inherited)",
				);
				INFOPLIST_FILE = "SWCACTests/SWCACTests-Info.plist";
				PRODUCT_NAME = "$(TARGET_NAME)";
				TEST_HOST = "$(BUNDLE_LOADER)";
				WRAPPER_EXTENSION = xctest;
			};
			name = Debug;
		};
		567B0A4B18999E4C000B0833 /* Release */ = {
			isa = XCBuildConfiguration;
			buildSettings = {
				BUNDLE_LOADER = "$(BUILT_PRODUCTS_DIR)/SWCAC.app/SWCAC";
				FRAMEWORK_SEARCH_PATHS = (
					"$(SDKROOT)/Developer/Library/Frameworks",
					"$(inherited)",
					"$(DEVELOPER_FRAMEWORKS_DIR)",
				);
				GCC_PRECOMPILE_PREFIX_HEADER = YES;
				GCC_PREFIX_HEADER = "SWCAC/SWCAC-Prefix.pch";
				INFOPLIST_FILE = "SWCACTests/SWCACTests-Info.plist";
				PRODUCT_NAME = "$(TARGET_NAME)";
				TEST_HOST = "$(BUNDLE_LOADER)";
				WRAPPER_EXTENSION = xctest;
			};
			name = Release;
		};
/* End XCBuildConfiguration section */

/* Begin XCConfigurationList section */
		567B0A0918999E4C000B0833 /* Build configuration list for PBXProject "SWCAC" */ = {
			isa = XCConfigurationList;
			buildConfigurations = (
				567B0A4418999E4C000B0833 /* Debug */,
				567B0A4518999E4C000B0833 /* Release */,
			);
			defaultConfigurationIsVisible = 0;
			defaultConfigurationName = Release;
		};
		567B0A4618999E4C000B0833 /* Build configuration list for PBXNativeTarget "SWCAC" */ = {
			isa = XCConfigurationList;
			buildConfigurations = (
				567B0A4718999E4C000B0833 /* Debug */,
				567B0A4818999E4C000B0833 /* Release */,
			);
			defaultConfigurationIsVisible = 0;
			defaultConfigurationName = Release;
		};
		567B0A4918999E4C000B0833 /* Build configuration list for PBXNativeTarget "SWCACTests" */ = {
			isa = XCConfigurationList;
			buildConfigurations = (
				567B0A4A18999E4C000B0833 /* Debug */,
				567B0A4B18999E4C000B0833 /* Release */,
			);
			defaultConfigurationIsVisible = 0;
			defaultConfigurationName = Release;
		};
/* End XCConfigurationList section */
	};
	rootObject = 567B0A0618999E4C000B0833 /* Project object */;
}
